
Microsoft Visual Studio Solution File, Format Version 12.00
# Visual Studio 15
VisualStudioVersion = 15.0.27004.2005
MinimumVisualStudioVersion = 10.0.40219.1
Project("{FAE04EC0-301F-11D3-BF4B-00C04F79EFBC}") = "CsQuakesAPI", "CsQuakesAPI\CsQuakesAPI.csproj", "{14BE94D7-F5D2-4431-BE60-772D5F1F22E7}"
EndProject
Project("{FAE04EC0-301F-11D3-BF4B-00C04F79EFBC}") = "CsQuakesAPI.Tests", "CsQuakesAPI.Tests\CsQuakesAPI.Tests.csproj", "{DC67EC23-EFA8-42CC-B156-66F6786ED45A}"
EndProject
Global
	GlobalSection(SolutionConfigurationPlatforms) = preSolution
		Debug|Any CPU = Debug|Any CPU
		Release|Any CPU = Release|Any CPU
	EndGlobalSection
	GlobalSection(ProjectConfigurationPlatforms) = postSolution
		{14BE94D7-F5D2-4431-BE60-772D5F1F22E7}.Debug|Any CPU.ActiveCfg = Debug|Any CPU
		{14BE94D7-F5D2-4431-BE60-772D5F1F22E7}.Debug|Any CPU.Build.0 = Debug|Any CPU
		{14BE94D7-F5D2-4431-BE60-772D5F1F22E7}.Release|Any CPU.ActiveCfg = Release|Any CPU
		{14BE94D7-F5D2-4431-BE60-772D5F1F22E7}.Release|Any CPU.Build.0 = Release|Any CPU
		{DC67EC23-EFA8-42CC-B156-66F6786ED45A}.Debug|Any CPU.ActiveCfg = Debug|Any CPU
		{DC67EC23-EFA8-42CC-B156-66F6786ED45A}.Debug|Any CPU.Build.0 = Debug|Any CPU
		{DC67EC23-EFA8-42CC-B156-66F6786ED45A}.Release|Any CPU.ActiveCfg = Release|Any CPU
		{DC67EC23-EFA8-42CC-B156-66F6786ED45A}.Release|Any CPU.Build.0 = Release|Any CPU
	EndGlobalSection
	GlobalSection(SolutionProperties) = preSolution
		HideSolutionNode = FALSE
	EndGlobalSection
	GlobalSection(ExtensibilityGlobals) = postSolution
		SolutionGuid = {CBD9F927-8FE1-4AFD-B1A3-D5C7A1E3319A}
	EndGlobalSection
EndGlobal
